// !$*UTF8*$!
{
	archiveVersion = 1;
	classes = {
	};
	objectVersion = 46;
	objects = {

/* Begin PBXBuildFile section */
		2268A35A1A56A58B00756186 /* main.m in Sources */ = {isa = PBXBuildFile; fileRef = 2268A3591A56A58B00756186 /* main.m */; };
		2268A35D1A56A58B00756186 /* AppDelegate.m in Sources */ = {isa = PBXBuildFile; fileRef = 2268A35C1A56A58B00756186 /* AppDelegate.m */; };
		2268A3601A56A58B00756186 /* MainViewController.m in Sources */ = {isa = PBXBuildFile; fileRef = 2268A35F1A56A58B00756186 /* MainViewController.m */; };
		2268A3631A56A58B00756186 /* Main.storyboard in Resources */ = {isa = PBXBuildFile; fileRef = 2268A3611A56A58B00756186 /* Main.storyboard */; };
		2268A3651A56A58B00756186 /* Images.xcassets in Resources */ = {isa = PBXBuildFile; fileRef = 2268A3641A56A58B00756186 /* Images.xcassets */; };
		2268A3681A56A58B00756186 /* LaunchScreen.xib in Resources */ = {isa = PBXBuildFile; fileRef = 2268A3661A56A58B00756186 /* LaunchScreen.xib */; };
		2268A3741A56A58B00756186 /* YesssTests.m in Sources */ = {isa = PBXBuildFile; fileRef = 2268A3731A56A58B00756186 /* YesssTests.m */; };
/* End PBXBuildFile section */

/* Begin PBXContainerItemProxy section */
		2268A36E1A56A58B00756186 /* PBXContainerItemProxy */ = {
			isa = PBXContainerItemProxy;
			containerPortal = 2268A34C1A56A58B00756186 /* Project object */;
			proxyType = 1;
			remoteGlobalIDString = 2268A3531A56A58B00756186;
			remoteInfo = Yesss;
		};
/* End PBXContainerItemProxy section */

/* Begin PBXFileReference section */
		2268A3541A56A58B00756186 /* Yesss.app */ = {isa = PBXFileReference; explicitFileType = wrapper.application; includeInIndex = 0; path = Yesss.app; sourceTree = BUILT_PRODUCTS_DIR; };
		2268A3581A56A58B00756186 /* Info.plist */ = {isa = PBXFileReference; lastKnownFileType = text.plist.xml; path = Info.plist; sourceTree = "<group>"; };
		2268A3591A56A58B00756186 /* main.m */ = {isa = PBXFileReference; lastKnownFileType = sourcecode.c.objc; path = main.m; sourceTree = "<group>"; };
		2268A35B1A56A58B00756186 /* AppDelegate.h */ = {isa = PBXFileReference; lastKnownFileType = sourcecode.c.h; path = AppDelegate.h; sourceTree = "<group>"; };
		2268A35C1A56A58B00756186 /* AppDelegate.m */ = {isa = PBXFileReference; lastKnownFileType = sourcecode.c.objc; path = AppDelegate.m; sourceTree = "<group>"; };
		2268A35E1A56A58B00756186 /* MainViewController.h */ = {isa = PBXFileReference; lastKnownFileType = sourcecode.c.h; path = MainViewController.h; sourceTree = "<group>"; };
		2268A35F1A56A58B00756186 /* MainViewController.m */ = {isa = PBXFileReference; lastKnownFileType = sourcecode.c.objc; path = MainViewController.m; sourceTree = "<group>"; };
		2268A3621A56A58B00756186 /* Base */ = {isa = PBXFileReference; lastKnownFileType = file.storyboard; name = Base; path = Base.lproj/Main.storyboard; sourceTree = "<group>"; };
		2268A3641A56A58B00756186 /* Images.xcassets */ = {isa = PBXFileReference; lastKnownFileType = folder.assetcatalog; path = Images.xcassets; sourceTree = "<group>"; };
		2268A3671A56A58B00756186 /* Base */ = {isa = PBXFileReference; lastKnownFileType = file.xib; name = Base; path = Base.lproj/LaunchScreen.xib; sourceTree = "<group>"; };
		2268A36D1A56A58B00756186 /* YesssTests.xctest */ = {isa = PBXFileReference; explicitFileType = wrapper.cfbundle; includeInIndex = 0; path = YesssTests.xctest; sourceTree = BUILT_PRODUCTS_DIR; };
		2268A3721A56A58B00756186 /* Info.plist */ = {isa = PBXFileReference; lastKnownFileType = text.plist.xml; path = Info.plist; sourceTree = "<group>"; };
		2268A3731A56A58B00756186 /* YesssTests.m */ = {isa = PBXFileReference; lastKnownFileType = sourcecode.c.objc; path = YesssTests.m; sourceTree = "<group>"; };
/* End PBXFileReference section */

/* Begin PBXFrameworksBuildPhase section */
		2268A3511A56A58B00756186 /* Frameworks */ = {
			isa = PBXFrameworksBuildPhase;
			buildActionMask = 2147483647;
			files = (
			);
			runOnlyForDeploymentPostprocessing = 0;
		};
		2268A36A1A56A58B00756186 /* Frameworks */ = {
			isa = PBXFrameworksBuildPhase;
			buildActionMask = 2147483647;
			files = (
			);
			runOnlyForDeploymentPostprocessing = 0;
		};
/* End PBXFrameworksBuildPhase section */

/* Begin PBXGroup section */
		2268A34B1A56A58B00756186 = {
			isa = PBXGroup;
			children = (
				2268A3561A56A58B00756186 /* Yesss */,
				2268A3701A56A58B00756186 /* YesssTests */,
				2268A3551A56A58B00756186 /* Products */,
			);
			sourceTree = "<group>";
		};
		2268A3551A56A58B00756186 /* Products */ = {
			isa = PBXGroup;
			children = (
				2268A3541A56A58B00756186 /* Yesss.app */,
				2268A36D1A56A58B00756186 /* YesssTests.xctest */,
			);
			name = Products;
			sourceTree = "<group>";
		};
		2268A3561A56A58B00756186 /* Yesss */ = {
			isa = PBXGroup;
			children = (
				2268A37D1A56A64100756186 /* App delegate */,
				2268A37E1A56A64A00756186 /* View controllers */,
				2268A3641A56A58B00756186 /* Images.xcassets */,
				2268A3661A56A58B00756186 /* LaunchScreen.xib */,
				2268A3571A56A58B00756186 /* Supporting Files */,
			);
			path = Yesss;
			sourceTree = "<group>";
		};
		2268A3571A56A58B00756186 /* Supporting Files */ = {
			isa = PBXGroup;
			children = (
				2268A3581A56A58B00756186 /* Info.plist */,
				2268A3591A56A58B00756186 /* main.m */,
			);
			name = "Supporting Files";
			sourceTree = "<group>";
		};
		2268A3701A56A58B00756186 /* YesssTests */ = {
			isa = PBXGroup;
			children = (
				2268A3731A56A58B00756186 /* YesssTests.m */,
				2268A3711A56A58B00756186 /* Supporting Files */,
			);
			path = YesssTests;
			sourceTree = "<group>";
		};
		2268A3711A56A58B00756186 /* Supporting Files */ = {
			isa = PBXGroup;
			children = (
				2268A3721A56A58B00756186 /* Info.plist */,
			);
			name = "Supporting Files";
			sourceTree = "<group>";
		};
		2268A37D1A56A64100756186 /* App delegate */ = {
			isa = PBXGroup;
			children = (
				2268A35B1A56A58B00756186 /* AppDelegate.h */,
				2268A35C1A56A58B00756186 /* AppDelegate.m */,
			);
			name = "App delegate";
			sourceTree = "<group>";
		};
		2268A37E1A56A64A00756186 /* View controllers */ = {
			isa = PBXGroup;
			children = (
				2268A35E1A56A58B00756186 /* MainViewController.h */,
				2268A35F1A56A58B00756186 /* MainViewController.m */,
				2268A3611A56A58B00756186 /* Main.storyboard */,
			);
			name = "View controllers";
			sourceTree = "<group>";
		};
/* End PBXGroup section */

/* Begin PBXNativeTarget section */
		2268A3531A56A58B00756186 /* Yesss */ = {
			isa = PBXNativeTarget;
			buildConfigurationList = 2268A3771A56A58B00756186 /* Build configuration list for PBXNativeTarget "Yesss" */;
			buildPhases = (
				2268A3501A56A58B00756186 /* Sources */,
				2268A3511A56A58B00756186 /* Frameworks */,
				2268A3521A56A58B00756186 /* Resources */,
			);
			buildRules = (
			);
			dependencies = (
			);
			name = Yesss;
			productName = Yesss;
			productReference = 2268A3541A56A58B00756186 /* Yesss.app */;
			productType = "com.apple.product-type.application";
		};
		2268A36C1A56A58B00756186 /* YesssTests */ = {
			isa = PBXNativeTarget;
			buildConfigurationList = 2268A37A1A56A58B00756186 /* Build configuration list for PBXNativeTarget "YesssTests" */;
			buildPhases = (
				2268A3691A56A58B00756186 /* Sources */,
				2268A36A1A56A58B00756186 /* Frameworks */,
				2268A36B1A56A58B00756186 /* Resources */,
			);
			buildRules = (
			);
			dependencies = (
				2268A36F1A56A58B00756186 /* PBXTargetDependency */,
			);
			name = YesssTests;
			productName = YesssTests;
			productReference = 2268A36D1A56A58B00756186 /* YesssTests.xctest */;
			productType = "com.apple.product-type.bundle.unit-test";
		};
/* End PBXNativeTarget section */

/* Begin PBXProject section */
		2268A34C1A56A58B00756186 /* Project object */ = {
			isa = PBXProject;
			attributes = {
				LastUpgradeCheck = 0610;
				ORGANIZATIONNAME = "Tim Duckett";
				TargetAttributes = {
					2268A3531A56A58B00756186 = {
						CreatedOnToolsVersion = 6.1;
					};
					2268A36C1A56A58B00756186 = {
						CreatedOnToolsVersion = 6.1;
						TestTargetID = 2268A3531A56A58B00756186;
					};
				};
			};
			buildConfigurationList = 2268A34F1A56A58B00756186 /* Build configuration list for PBXProject "Yesss" */;
			compatibilityVersion = "Xcode 3.2";
			developmentRegion = English;
			hasScannedForEncodings = 0;
			knownRegions = (
				en,
				Base,
			);
			mainGroup = 2268A34B1A56A58B00756186;
			productRefGroup = 2268A3551A56A58B00756186 /* Products */;
			projectDirPath = "";
			projectRoot = "";
			targets = (
				2268A3531A56A58B00756186 /* Yesss */,
				2268A36C1A56A58B00756186 /* YesssTests */,
			);
		};
/* End PBXProject section */

/* Begin PBXResourcesBuildPhase section */
		2268A3521A56A58B00756186 /* Resources */ = {
			isa = PBXResourcesBuildPhase;
			buildActionMask = 2147483647;
			files = (
				2268A3631A56A58B00756186 /* Main.storyboard in Resources */,
				2268A3681A56A58B00756186 /* LaunchScreen.xib in Resources */,
				2268A3651A56A58B00756186 /* Images.xcassets in Resources */,
			);
			runOnlyForDeploymentPostprocessing = 0;
		};
		2268A36B1A56A58B00756186 /* Resources */ = {
			isa = PBXResourcesBuildPhase;
			buildActionMask = 2147483647;
			files = (
			);
			runOnlyForDeploymentPostprocessing = 0;
		};
/* End PBXResourcesBuildPhase section */

/* Begin PBXSourcesBuildPhase section */
		2268A3501A56A58B00756186 /* Sources */ = {
			isa = PBXSourcesBuildPhase;
			buildActionMask = 2147483647;
			files = (
				2268A3601A56A58B00756186 /* MainViewController.m in Sources */,
				2268A35D1A56A58B00756186 /* AppDelegate.m in Sources */,
				2268A35A1A56A58B00756186 /* main.m in Sources */,
			);
			runOnlyForDeploymentPostprocessing = 0;
		};
		2268A3691A56A58B00756186 /* Sources */ = {
			isa = PBXSourcesBuildPhase;
			buildActionMask = 2147483647;
			files = (
				2268A3741A56A58B00756186 /* YesssTests.m in Sources */,
			);
			runOnlyForDeploymentPostprocessing = 0;
		};
/* End PBXSourcesBuildPhase section */

/* Begin PBXTargetDependency section */
		2268A36F1A56A58B00756186 /* PBXTargetDependency */ = {
			isa = PBXTargetDependency;
			target = 2268A3531A56A58B00756186 /* Yesss */;
			targetProxy = 2268A36E1A56A58B00756186 /* PBXContainerItemProxy */;
		};
/* End PBXTargetDependency section */

/* Begin PBXVariantGroup section */
		2268A3611A56A58B00756186 /* Main.storyboard */ = {
			isa = PBXVariantGroup;
			children = (
				2268A3621A56A58B00756186 /* Base */,
			);
			name = Main.storyboard;
			sourceTree = "<group>";
		};
		2268A3661A56A58B00756186 /* LaunchScreen.xib */ = {
			isa = PBXVariantGroup;
			children = (
				2268A3671A56A58B00756186 /* Base */,
			);
			name = LaunchScreen.xib;
			sourceTree = "<group>";
		};
/* End PBXVariantGroup section */

/* Begin XCBuildConfiguration section */
		2268A3751A56A58B00756186 /* Debug */ = {
			isa = XCBuildConfiguration;
			buildSettings = {
				ALWAYS_SEARCH_USER_PATHS = NO;
				CLANG_CXX_LANGUAGE_STANDARD = "gnu++0x";
				CLANG_CXX_LIBRARY = "libc++";
				CLANG_ENABLE_MODULES = YES;
				CLANG_ENABLE_OBJC_ARC = YES;
				CLANG_WARN_BOOL_CONVERSION = YES;
				CLANG_WARN_CONSTANT_CONVERSION = YES;
				CLANG_WARN_DIRECT_OBJC_ISA_USAGE = YES_ERROR;
				CLANG_WARN_EMPTY_BODY = YES;
				CLANG_WARN_ENUM_CONVERSION = YES;
				CLANG_WARN_INT_CONVERSION = YES;
				CLANG_WARN_OBJC_ROOT_CLASS = YES_ERROR;
				CLANG_WARN_UNREACHABLE_CODE = YES;
				CLANG_WARN__DUPLICATE_METHOD_MATCH = YES;
				"CODE_SIGN_IDENTITY[sdk=iphoneos*]" = "iPhone Developer";
				COPY_PHASE_STRIP = NO;
				ENABLE_STRICT_OBJC_MSGSEND = YES;
				GCC_C_LANGUAGE_STANDARD = gnu99;
				GCC_DYNAMIC_NO_PIC = NO;
				GCC_OPTIMIZATION_LEVEL = 0;
				GCC_PREPROCESSOR_DEFINITIONS = (
					"DEBUG=1",
					"$(inherited)",
				);
				GCC_SYMBOLS_PRIVATE_EXTERN = NO;
				GCC_WARN_64_TO_32_BIT_CONVERSION = YES;
				GCC_WARN_ABOUT_RETURN_TYPE = YES_ERROR;
				GCC_WARN_UNDECLARED_SELECTOR = YES;
				GCC_WARN_UNINITIALIZED_AUTOS = YES_AGGRESSIVE;
				GCC_WARN_UNUSED_FUNCTION = YES;
				GCC_WARN_UNUSED_VARIABLE = YES;
				IPHONEOS_DEPLOYMENT_TARGET = 8.1;
				MTL_ENABLE_DEBUG_INFO = YES;
				ONLY_ACTIVE_ARCH = YES;
				SDKROOT = iphoneos;
				TARGETED_DEVICE_FAMILY = 2;
			};
			name = Debug;
		};
		2268A3761A56A58B00756186 /* Release */ = {
			isa = XCBuildConfiguration;
			buildSettings = {
				ALWAYS_SEARCH_USER_PATHS = NO;
				CLANG_CXX_LANGUAGE_STANDARD = "gnu++0x";
				CLANG_CXX_LIBRARY = "libc++";
				CLANG_ENABLE_MODULES = YES;
				CLANG_ENABLE_OBJC_ARC = YES;
				CLANG_WARN_BOOL_CONVERSION = YES;
				CLANG_WARN_CONSTANT_CONVERSION = YES;
				CLANG_WARN_DIRECT_OBJC_ISA_USAGE = YES_ERROR;
				CLANG_WARN_EMPTY_BODY = YES;
				CLANG_WARN_ENUM_CONVERSION = YES;
				CLANG_WARN_INT_CONVERSION = YES;
				CLANG_WARN_OBJC_ROOT_CLASS = YES_ERROR;
				CLANG_WARN_UNREACHABLE_CODE = YES;
				CLANG_WARN__DUPLICATE_METHOD_MATCH = YES;
				"CODE_SIGN_IDENTITY[sdk=iphoneos*]" = "iPhone Developer";
				COPY_PHASE_STRIP = YES;
				ENABLE_NS_ASSERTIONS = NO;
				ENABLE_STRICT_OBJC_MSGSEND = YES;
				GCC_C_LANGUAGE_STANDARD = gnu99;
				GCC_WARN_64_TO_32_BIT_CONVERSION = YES;
				GCC_WARN_ABOUT_RETURN_TYPE = YES_ERROR;
				GCC_WARN_UNDECLARED_SELECTOR = YES;
				GCC_WARN_UNINITIALIZED_AUTOS = YES_AGGRESSIVE;
				GCC_WARN_UNUSED_FUNCTION = YES;
				GCC_WARN_UNUSED_VARIABLE = YES;
				IPHONEOS_DEPLOYMENT_TARGET = 8.1;
				MTL_ENABLE_DEBUG_INFO = NO;
				SDKROOT = iphoneos;
				TARGETED_DEVICE_FAMILY = 2;
				VALIDATE_PRODUCT = YES;
			};
			name = Release;
		};
		2268A3781A56A58B00756186 /* Debug */ = {
			isa = XCBuildConfiguration;
			buildSettings = {
				ASSETCATALOG_COMPILER_APPICON_NAME = AppIcon;
				INFOPLIST_FILE = Yesss/Info.plist;
				LD_RUNPATH_SEARCH_PATHS = "$(inherited) @executable_path/Frameworks";
				PRODUCT_NAME = "$(TARGET_NAME)";
			};
			name = Debug;
		};
		2268A3791A56A58B00756186 /* Release */ = {
			isa = XCBuildConfiguration;
			buildSettings = {
				ASSETCATALOG_COMPILER_APPICON_NAME = AppIcon;
				INFOPLIST_FILE = Yesss/Info.plist;
				LD_RUNPATH_SEARCH_PATHS = "$(inherited) @executable_path/Frameworks";
				PRODUCT_NAME = "$(TARGET_NAME)";
			};
			name = Release;
		};
		2268A37B1A56A58B00756186 /* Debug */ = {
			isa = XCBuildConfiguration;
			buildSettings = {
				BUNDLE_LOADER = "$(TEST_HOST)";
				FRAMEWORK_SEARCH_PATHS = (
					"$(SDKROOT)/Developer/Library/Frameworks",
					"$(inherited)",
				);
				GCC_PREPROCESSOR_DEFINITIONS = (
					"DEBUG=1",
					"$(inherited)",
				);
				INFOPLIST_FILE = YesssTests/Info.plist;
				LD_RUNPATH_SEARCH_PATHS = "$(inherited) @executable_path/Frameworks @loader_path/Frameworks";
				PRODUCT_NAME = "$(TARGET_NAME)";
				TEST_HOST = "$(BUILT_PRODUCTS_DIR)/Yesss.app/Yesss";
			};
			name = Debug;
		};
		2268A37C1A56A58B00756186 /* Release */ = {
			isa = XCBuildConfiguration;
			buildSettings = {
				BUNDLE_LOADER = "$(TEST_HOST)";
				FRAMEWORK_SEARCH_PATHS = (
					"$(SDKROOT)/Developer/Library/Frameworks",
					"$(inherited)",
				);
				INFOPLIST_FILE = YesssTests/Info.plist;
				LD_RUNPATH_SEARCH_PATHS = "$(inherited) @executable_path/Frameworks @loader_path/Frameworks";
				PRODUCT_NAME = "$(TARGET_NAME)";
				TEST_HOST = "$(BUILT_PRODUCTS_DIR)/Yesss.app/Yesss";
			};
			name = Release;
		};
/* End XCBuildConfiguration section */

/* Begin XCConfigurationList section */
		2268A34F1A56A58B00756186 /* Build configuration list for PBXProject "Yesss" */ = {
			isa = XCConfigurationList;
			buildConfigurations = (
				2268A3751A56A58B00756186 /* Debug */,
				2268A3761A56A58B00756186 /* Release */,
			);
			defaultConfigurationIsVisible = 0;
			defaultConfigurationName = Release;
		};
		2268A3771A56A58B00756186 /* Build configuration list for PBXNativeTarget "Yesss" */ = {
			isa = XCConfigurationList;
			buildConfigurations = (
				2268A3781A56A58B00756186 /* Debug */,
				2268A3791A56A58B00756186 /* Release */,
			);
			defaultConfigurationIsVisible = 0;
		};
		2268A37A1A56A58B00756186 /* Build configuration list for PBXNativeTarget "YesssTests" */ = {
			isa = XCConfigurationList;
			buildConfigurations = (
				2268A37B1A56A58B00756186 /* Debug */,
				2268A37C1A56A58B00756186 /* Release */,
			);
			defaultConfigurationIsVisible = 0;
		};
/* End XCConfigurationList section */
	};
	rootObject = 2268A34C1A56A58B00756186 /* Project object */;
}
